// !$*UTF8*$!
{
	archiveVersion = 1;
	classes = {
	};
	objectVersion = 50;
	objects = {

/* Begin PBXBuildFile section */
		5A6E701720D8525D00AA54BD /* ShowTableViewController.swift in Sources */ = {isa = PBXBuildFile; fileRef = 5A6E701620D8525D00AA54BD /* ShowTableViewController.swift */; };
		5A6E701920D8596100AA54BD /* ShowTableViewCell.swift in Sources */ = {isa = PBXBuildFile; fileRef = 5A6E701820D8596100AA54BD /* ShowTableViewCell.swift */; };
		5A6E701B20D8766F00AA54BD /* Day.swift in Sources */ = {isa = PBXBuildFile; fileRef = 5A6E701A20D8766F00AA54BD /* Day.swift */; };
		5A6E701D20D8A77C00AA54BD /* DateExtension.swift in Sources */ = {isa = PBXBuildFile; fileRef = 5A6E701C20D8A77B00AA54BD /* DateExtension.swift */; };
		5A6E701F20D8B11800AA54BD /* DetailViewController.swift in Sources */ = {isa = PBXBuildFile; fileRef = 5A6E701E20D8B11800AA54BD /* DetailViewController.swift */; };
		5A6E702120D8D90F00AA54BD /* SplitViewController.swift in Sources */ = {isa = PBXBuildFile; fileRef = 5A6E702020D8D90E00AA54BD /* SplitViewController.swift */; };
		5A9DC65F20D726220074A26F /* AppDelegate.swift in Sources */ = {isa = PBXBuildFile; fileRef = 5A9DC65E20D726220074A26F /* AppDelegate.swift */; };
		5A9DC66420D726220074A26F /* Main.storyboard in Resources */ = {isa = PBXBuildFile; fileRef = 5A9DC66220D726220074A26F /* Main.storyboard */; };
		5A9DC66920D726240074A26F /* Assets.xcassets in Resources */ = {isa = PBXBuildFile; fileRef = 5A9DC66820D726240074A26F /* Assets.xcassets */; };
		5A9DC66C20D726240074A26F /* LaunchScreen.storyboard in Resources */ = {isa = PBXBuildFile; fileRef = 5A9DC66A20D726240074A26F /* LaunchScreen.storyboard */; };
		5A9DC67720D726250074A26F /* TV_ShowsTests.swift in Sources */ = {isa = PBXBuildFile; fileRef = 5A9DC67620D726250074A26F /* TV_ShowsTests.swift */; };
		5A9DC68A20D73F830074A26F /* NetworkManager.swift in Sources */ = {isa = PBXBuildFile; fileRef = 5A9DC68920D73F830074A26F /* NetworkManager.swift */; };
		5A9DC68C20D743FE0074A26F /* EndPointType.swift in Sources */ = {isa = PBXBuildFile; fileRef = 5A9DC68B20D743FE0074A26F /* EndPointType.swift */; };
		5A9DC68E20D748F30074A26F /* ShowApi.swift in Sources */ = {isa = PBXBuildFile; fileRef = 5A9DC68D20D748F30074A26F /* ShowApi.swift */; };
		7C2EBB4A30FE7FB5CFEFF6AA /* Pods_TV_Shows.framework in Frameworks */ = {isa = PBXBuildFile; fileRef = 52F73C126C7B886CD6A4AE65 /* Pods_TV_Shows.framework */; };
		DD72AA99CFD171ECFB83E08B /* Pods_TV_ShowsTests.framework in Frameworks */ = {isa = PBXBuildFile; fileRef = 22F2691D9CB37A25CD9DD515 /* Pods_TV_ShowsTests.framework */; };
/* End PBXBuildFile section */

/* Begin PBXContainerItemProxy section */
		5A9DC67320D726250074A26F /* PBXContainerItemProxy */ = {
			isa = PBXContainerItemProxy;
			containerPortal = 5A9DC65320D726210074A26F /* Project object */;
			proxyType = 1;
			remoteGlobalIDString = 5A9DC65A20D726220074A26F;
			remoteInfo = "TV-Shows";
		};
/* End PBXContainerItemProxy section */

/* Begin PBXFileReference section */
		018681ADE3D24278972FC70C /* Pods-TV-Shows.debug.xcconfig */ = {isa = PBXFileReference; includeInIndex = 1; lastKnownFileType = text.xcconfig; name = "Pods-TV-Shows.debug.xcconfig"; path = "Pods/Target Support Files/Pods-TV-Shows/Pods-TV-Shows.debug.xcconfig"; sourceTree = "<group>"; };
		22F2691D9CB37A25CD9DD515 /* Pods_TV_ShowsTests.framework */ = {isa = PBXFileReference; explicitFileType = wrapper.framework; includeInIndex = 0; path = Pods_TV_ShowsTests.framework; sourceTree = BUILT_PRODUCTS_DIR; };
		52F73C126C7B886CD6A4AE65 /* Pods_TV_Shows.framework */ = {isa = PBXFileReference; explicitFileType = wrapper.framework; includeInIndex = 0; path = Pods_TV_Shows.framework; sourceTree = BUILT_PRODUCTS_DIR; };
		5A6E701620D8525D00AA54BD /* ShowTableViewController.swift */ = {isa = PBXFileReference; lastKnownFileType = sourcecode.swift; path = ShowTableViewController.swift; sourceTree = "<group>"; };
		5A6E701820D8596100AA54BD /* ShowTableViewCell.swift */ = {isa = PBXFileReference; lastKnownFileType = sourcecode.swift; path = ShowTableViewCell.swift; sourceTree = "<group>"; };
		5A6E701A20D8766F00AA54BD /* Day.swift */ = {isa = PBXFileReference; lastKnownFileType = sourcecode.swift; path = Day.swift; sourceTree = "<group>"; };
		5A6E701C20D8A77B00AA54BD /* DateExtension.swift */ = {isa = PBXFileReference; lastKnownFileType = sourcecode.swift; path = DateExtension.swift; sourceTree = "<group>"; };
		5A6E701E20D8B11800AA54BD /* DetailViewController.swift */ = {isa = PBXFileReference; lastKnownFileType = sourcecode.swift; path = DetailViewController.swift; sourceTree = "<group>"; };
		5A6E702020D8D90E00AA54BD /* SplitViewController.swift */ = {isa = PBXFileReference; lastKnownFileType = sourcecode.swift; path = SplitViewController.swift; sourceTree = "<group>"; };
		5A9DC65B20D726220074A26F /* TV-Shows.app */ = {isa = PBXFileReference; explicitFileType = wrapper.application; includeInIndex = 0; path = "TV-Shows.app"; sourceTree = BUILT_PRODUCTS_DIR; };
		5A9DC65E20D726220074A26F /* AppDelegate.swift */ = {isa = PBXFileReference; lastKnownFileType = sourcecode.swift; path = AppDelegate.swift; sourceTree = "<group>"; };
		5A9DC66320D726220074A26F /* Base */ = {isa = PBXFileReference; lastKnownFileType = file.storyboard; name = Base; path = Base.lproj/Main.storyboard; sourceTree = "<group>"; };
		5A9DC66820D726240074A26F /* Assets.xcassets */ = {isa = PBXFileReference; lastKnownFileType = folder.assetcatalog; path = Assets.xcassets; sourceTree = "<group>"; };
		5A9DC66B20D726240074A26F /* Base */ = {isa = PBXFileReference; lastKnownFileType = file.storyboard; name = Base; path = Base.lproj/LaunchScreen.storyboard; sourceTree = "<group>"; };
		5A9DC66D20D726240074A26F /* Info.plist */ = {isa = PBXFileReference; lastKnownFileType = text.plist.xml; path = Info.plist; sourceTree = "<group>"; };
		5A9DC67220D726250074A26F /* TV-ShowsTests.xctest */ = {isa = PBXFileReference; explicitFileType = wrapper.cfbundle; includeInIndex = 0; path = "TV-ShowsTests.xctest"; sourceTree = BUILT_PRODUCTS_DIR; };
		5A9DC67620D726250074A26F /* TV_ShowsTests.swift */ = {isa = PBXFileReference; lastKnownFileType = sourcecode.swift; path = TV_ShowsTests.swift; sourceTree = "<group>"; };
		5A9DC67820D726250074A26F /* Info.plist */ = {isa = PBXFileReference; lastKnownFileType = text.plist.xml; path = Info.plist; sourceTree = "<group>"; };
		5A9DC68920D73F830074A26F /* NetworkManager.swift */ = {isa = PBXFileReference; lastKnownFileType = sourcecode.swift; path = NetworkManager.swift; sourceTree = "<group>"; };
		5A9DC68B20D743FE0074A26F /* EndPointType.swift */ = {isa = PBXFileReference; lastKnownFileType = sourcecode.swift; path = EndPointType.swift; sourceTree = "<group>"; };
		5A9DC68D20D748F30074A26F /* ShowApi.swift */ = {isa = PBXFileReference; lastKnownFileType = sourcecode.swift; path = ShowApi.swift; sourceTree = "<group>"; };
		969FDE13888C32A772A2C5E7 /* Pods-TV-ShowsTests.release.xcconfig */ = {isa = PBXFileReference; includeInIndex = 1; lastKnownFileType = text.xcconfig; name = "Pods-TV-ShowsTests.release.xcconfig"; path = "Pods/Target Support Files/Pods-TV-ShowsTests/Pods-TV-ShowsTests.release.xcconfig"; sourceTree = "<group>"; };
		9E2F00E3960486E7082F9C6C /* Pods-TV-ShowsTests.debug.xcconfig */ = {isa = PBXFileReference; includeInIndex = 1; lastKnownFileType = text.xcconfig; name = "Pods-TV-ShowsTests.debug.xcconfig"; path = "Pods/Target Support Files/Pods-TV-ShowsTests/Pods-TV-ShowsTests.debug.xcconfig"; sourceTree = "<group>"; };
		B4F29F42FF9BC6D1151B8E63 /* Pods-TV-Shows.release.xcconfig */ = {isa = PBXFileReference; includeInIndex = 1; lastKnownFileType = text.xcconfig; name = "Pods-TV-Shows.release.xcconfig"; path = "Pods/Target Support Files/Pods-TV-Shows/Pods-TV-Shows.release.xcconfig"; sourceTree = "<group>"; };
/* End PBXFileReference section */

/* Begin PBXFrameworksBuildPhase section */
		5A9DC65820D726220074A26F /* Frameworks */ = {
			isa = PBXFrameworksBuildPhase;
			buildActionMask = 2147483647;
			files = (
				7C2EBB4A30FE7FB5CFEFF6AA /* Pods_TV_Shows.framework in Frameworks */,
			);
			runOnlyForDeploymentPostprocessing = 0;
		};
		5A9DC66F20D726250074A26F /* Frameworks */ = {
			isa = PBXFrameworksBuildPhase;
			buildActionMask = 2147483647;
			files = (
				DD72AA99CFD171ECFB83E08B /* Pods_TV_ShowsTests.framework in Frameworks */,
			);
			runOnlyForDeploymentPostprocessing = 0;
		};
/* End PBXFrameworksBuildPhase section */

/* Begin PBXGroup section */
		35E232023179A68DBC49D4B9 /* Frameworks */ = {
			isa = PBXGroup;
			children = (
				52F73C126C7B886CD6A4AE65 /* Pods_TV_Shows.framework */,
				22F2691D9CB37A25CD9DD515 /* Pods_TV_ShowsTests.framework */,
			);
			name = Frameworks;
			sourceTree = "<group>";
		};
		5A9DC65220D726210074A26F = {
			isa = PBXGroup;
			children = (
				5A9DC65D20D726220074A26F /* TV-Shows */,
				5A9DC67520D726250074A26F /* TV-ShowsTests */,
				5A9DC65C20D726220074A26F /* Products */,
				772A370E539AEFF6DD051F1F /* Pods */,
				35E232023179A68DBC49D4B9 /* Frameworks */,
			);
			sourceTree = "<group>";
		};
		5A9DC65C20D726220074A26F /* Products */ = {
			isa = PBXGroup;
			children = (
				5A9DC65B20D726220074A26F /* TV-Shows.app */,
				5A9DC67220D726250074A26F /* TV-ShowsTests.xctest */,
			);
			name = Products;
			sourceTree = "<group>";
		};
		5A9DC65D20D726220074A26F /* TV-Shows */ = {
			isa = PBXGroup;
			children = (
				5A9DC68820D73E3F0074A26F /* Controller */,
				5A9DC68720D73E3D0074A26F /* View */,
				5A9DC68620D73E2B0074A26F /* Model */,
				5A9DC68520D73E1B0074A26F /* Storyboards */,
				5A9DC68420D73E190074A26F /* Helper */,
				5A9DC68120D73E090074A26F /* Other */,
				5A9DC65E20D726220074A26F /* AppDelegate.swift */,
				5A9DC66D20D726240074A26F /* Info.plist */,
			);
			path = "TV-Shows";
			sourceTree = "<group>";
		};
		5A9DC67520D726250074A26F /* TV-ShowsTests */ = {
			isa = PBXGroup;
			children = (
				5A9DC67620D726250074A26F /* TV_ShowsTests.swift */,
				5A9DC67820D726250074A26F /* Info.plist */,
			);
			path = "TV-ShowsTests";
			sourceTree = "<group>";
		};
		5A9DC68120D73E090074A26F /* Other */ = {
			isa = PBXGroup;
			children = (
				5A9DC66820D726240074A26F /* Assets.xcassets */,
			);
			path = Other;
			sourceTree = "<group>";
		};
		5A9DC68420D73E190074A26F /* Helper */ = {
			isa = PBXGroup;
			children = (
				5A9DC68920D73F830074A26F /* NetworkManager.swift */,
				5A9DC68B20D743FE0074A26F /* EndPointType.swift */,
				5A9DC68D20D748F30074A26F /* ShowApi.swift */,
				5A6E701C20D8A77B00AA54BD /* DateExtension.swift */,
			);
			path = Helper;
			sourceTree = "<group>";
		};
		5A9DC68520D73E1B0074A26F /* Storyboards */ = {
			isa = PBXGroup;
			children = (
				5A9DC66220D726220074A26F /* Main.storyboard */,
				5A9DC66A20D726240074A26F /* LaunchScreen.storyboard */,
			);
			path = Storyboards;
			sourceTree = "<group>";
		};
		5A9DC68620D73E2B0074A26F /* Model */ = {
			isa = PBXGroup;
			children = (
				5A6E701A20D8766F00AA54BD /* Day.swift */,
			);
			path = Model;
			sourceTree = "<group>";
		};
		5A9DC68720D73E3D0074A26F /* View */ = {
			isa = PBXGroup;
			children = (
				5A6E701820D8596100AA54BD /* ShowTableViewCell.swift */,
			);
			path = View;
			sourceTree = "<group>";
		};
		5A9DC68820D73E3F0074A26F /* Controller */ = {
			isa = PBXGroup;
			children = (
				5A6E701620D8525D00AA54BD /* ShowTableViewController.swift */,
				5A6E701E20D8B11800AA54BD /* DetailViewController.swift */,
				5A6E702020D8D90E00AA54BD /* SplitViewController.swift */,
			);
			path = Controller;
			sourceTree = "<group>";
		};
		772A370E539AEFF6DD051F1F /* Pods */ = {
			isa = PBXGroup;
			children = (
				018681ADE3D24278972FC70C /* Pods-TV-Shows.debug.xcconfig */,
				B4F29F42FF9BC6D1151B8E63 /* Pods-TV-Shows.release.xcconfig */,
				9E2F00E3960486E7082F9C6C /* Pods-TV-ShowsTests.debug.xcconfig */,
				969FDE13888C32A772A2C5E7 /* Pods-TV-ShowsTests.release.xcconfig */,
			);
			name = Pods;
			sourceTree = "<group>";
		};
/* End PBXGroup section */

/* Begin PBXNativeTarget section */
		5A9DC65A20D726220074A26F /* TV-Shows */ = {
			isa = PBXNativeTarget;
			buildConfigurationList = 5A9DC67B20D726250074A26F /* Build configuration list for PBXNativeTarget "TV-Shows" */;
			buildPhases = (
				07C3241286E9DAA5F19D702F /* [CP] Check Pods Manifest.lock */,
				5A9DC65720D726220074A26F /* Sources */,
				5A9DC65820D726220074A26F /* Frameworks */,
				5A9DC65920D726220074A26F /* Resources */,
				06E8552AB64ADB3296590854 /* [CP] Embed Pods Frameworks */,
			);
			buildRules = (
			);
			dependencies = (
			);
			name = "TV-Shows";
			productName = "TV-Shows";
			productReference = 5A9DC65B20D726220074A26F /* TV-Shows.app */;
			productType = "com.apple.product-type.application";
		};
		5A9DC67120D726250074A26F /* TV-ShowsTests */ = {
			isa = PBXNativeTarget;
			buildConfigurationList = 5A9DC67E20D726250074A26F /* Build configuration list for PBXNativeTarget "TV-ShowsTests" */;
			buildPhases = (
				FE7C8CB682C12D06C0F04445 /* [CP] Check Pods Manifest.lock */,
				5A9DC66E20D726250074A26F /* Sources */,
				5A9DC66F20D726250074A26F /* Frameworks */,
				5A9DC67020D726250074A26F /* Resources */,
			);
			buildRules = (
			);
			dependencies = (
				5A9DC67420D726250074A26F /* PBXTargetDependency */,
			);
			name = "TV-ShowsTests";
			productName = "TV-ShowsTests";
			productReference = 5A9DC67220D726250074A26F /* TV-ShowsTests.xctest */;
			productType = "com.apple.product-type.bundle.unit-test";
		};
/* End PBXNativeTarget section */

/* Begin PBXProject section */
		5A9DC65320D726210074A26F /* Project object */ = {
			isa = PBXProject;
			attributes = {
				LastSwiftUpdateCheck = 0930;
				LastUpgradeCheck = 0930;
				ORGANIZATIONNAME = net.siddhesh;
				TargetAttributes = {
					5A9DC65A20D726220074A26F = {
						CreatedOnToolsVersion = 9.3.1;
					};
					5A9DC67120D726250074A26F = {
						CreatedOnToolsVersion = 9.3.1;
						TestTargetID = 5A9DC65A20D726220074A26F;
					};
				};
			};
			buildConfigurationList = 5A9DC65620D726210074A26F /* Build configuration list for PBXProject "TV-Shows" */;
			compatibilityVersion = "Xcode 9.3";
			developmentRegion = en;
			hasScannedForEncodings = 0;
			knownRegions = (
				en,
				Base,
			);
			mainGroup = 5A9DC65220D726210074A26F;
			productRefGroup = 5A9DC65C20D726220074A26F /* Products */;
			projectDirPath = "";
			projectRoot = "";
			targets = (
				5A9DC65A20D726220074A26F /* TV-Shows */,
				5A9DC67120D726250074A26F /* TV-ShowsTests */,
			);
		};
/* End PBXProject section */

/* Begin PBXResourcesBuildPhase section */
		5A9DC65920D726220074A26F /* Resources */ = {
			isa = PBXResourcesBuildPhase;
			buildActionMask = 2147483647;
			files = (
				5A9DC66C20D726240074A26F /* LaunchScreen.storyboard in Resources */,
				5A9DC66920D726240074A26F /* Assets.xcassets in Resources */,
				5A9DC66420D726220074A26F /* Main.storyboard in Resources */,
			);
			runOnlyForDeploymentPostprocessing = 0;
		};
		5A9DC67020D726250074A26F /* Resources */ = {
			isa = PBXResourcesBuildPhase;
			buildActionMask = 2147483647;
			files = (
			);
			runOnlyForDeploymentPostprocessing = 0;
		};
/* End PBXResourcesBuildPhase section */

/* Begin PBXShellScriptBuildPhase section */
		06E8552AB64ADB3296590854 /* [CP] Embed Pods Frameworks */ = {
			isa = PBXShellScriptBuildPhase;
			buildActionMask = 2147483647;
			files = (
			);
			inputPaths = (
				"${SRCROOT}/Pods/Target Support Files/Pods-TV-Shows/Pods-TV-Shows-frameworks.sh",
				"${BUILT_PRODUCTS_DIR}/SwiftyJSON/SwiftyJSON.framework",
			);
			name = "[CP] Embed Pods Frameworks";
			outputPaths = (
				"${TARGET_BUILD_DIR}/${FRAMEWORKS_FOLDER_PATH}/SwiftyJSON.framework",
			);
			runOnlyForDeploymentPostprocessing = 0;
			shellPath = /bin/sh;
			shellScript = "\"${SRCROOT}/Pods/Target Support Files/Pods-TV-Shows/Pods-TV-Shows-frameworks.sh\"\n";
			showEnvVarsInLog = 0;
		};
		07C3241286E9DAA5F19D702F /* [CP] Check Pods Manifest.lock */ = {
			isa = PBXShellScriptBuildPhase;
			buildActionMask = 2147483647;
			files = (
			);
			inputPaths = (
				"${PODS_PODFILE_DIR_PATH}/Podfile.lock",
				"${PODS_ROOT}/Manifest.lock",
			);
			name = "[CP] Check Pods Manifest.lock";
			outputPaths = (
				"$(DERIVED_FILE_DIR)/Pods-TV-Shows-checkManifestLockResult.txt",
			);
			runOnlyForDeploymentPostprocessing = 0;
			shellPath = /bin/sh;
			shellScript = "diff \"${PODS_PODFILE_DIR_PATH}/Podfile.lock\" \"${PODS_ROOT}/Manifest.lock\" > /dev/null\nif [ $? != 0 ] ; then\n    # print error to STDERR\n    echo \"error: The sandbox is not in sync with the Podfile.lock. Run 'pod install' or update your CocoaPods installation.\" >&2\n    exit 1\nfi\n# This output is used by Xcode 'outputs' to avoid re-running this script phase.\necho \"SUCCESS\" > \"${SCRIPT_OUTPUT_FILE_0}\"\n";
			showEnvVarsInLog = 0;
		};
		FE7C8CB682C12D06C0F04445 /* [CP] Check Pods Manifest.lock */ = {
			isa = PBXShellScriptBuildPhase;
			buildActionMask = 2147483647;
			files = (
			);
			inputPaths = (
				"${PODS_PODFILE_DIR_PATH}/Podfile.lock",
				"${PODS_ROOT}/Manifest.lock",
			);
			name = "[CP] Check Pods Manifest.lock";
			outputPaths = (
				"$(DERIVED_FILE_DIR)/Pods-TV-ShowsTests-checkManifestLockResult.txt",
			);
			runOnlyForDeploymentPostprocessing = 0;
			shellPath = /bin/sh;
			shellScript = "diff \"${PODS_PODFILE_DIR_PATH}/Podfile.lock\" \"${PODS_ROOT}/Manifest.lock\" > /dev/null\nif [ $? != 0 ] ; then\n    # print error to STDERR\n    echo \"error: The sandbox is not in sync with the Podfile.lock. Run 'pod install' or update your CocoaPods installation.\" >&2\n    exit 1\nfi\n# This output is used by Xcode 'outputs' to avoid re-running this script phase.\necho \"SUCCESS\" > \"${SCRIPT_OUTPUT_FILE_0}\"\n";
			showEnvVarsInLog = 0;
		};
/* End PBXShellScriptBuildPhase section */

/* Begin PBXSourcesBuildPhase section */
		5A9DC65720D726220074A26F /* Sources */ = {
			isa = PBXSourcesBuildPhase;
			buildActionMask = 2147483647;
			files = (
				5A6E701720D8525D00AA54BD /* ShowTableViewController.swift in Sources */,
				5A9DC68C20D743FE0074A26F /* EndPointType.swift in Sources */,
				5A6E701F20D8B11800AA54BD /* DetailViewController.swift in Sources */,
				5A9DC68E20D748F30074A26F /* ShowApi.swift in Sources */,
				5A9DC68A20D73F830074A26F /* NetworkManager.swift in Sources */,
				5A6E702120D8D90F00AA54BD /* SplitViewController.swift in Sources */,
				5A6E701D20D8A77C00AA54BD /* DateExtension.swift in Sources */,
				5A6E701920D8596100AA54BD /* ShowTableViewCell.swift in Sources */,
				5A9DC65F20D726220074A26F /* AppDelegate.swift in Sources */,
				5A6E701B20D8766F00AA54BD /* Day.swift in Sources */,
			);
			runOnlyForDeploymentPostprocessing = 0;
		};
		5A9DC66E20D726250074A26F /* Sources */ = {
			isa = PBXSourcesBuildPhase;
			buildActionMask = 2147483647;
			files = (
				5A9DC67720D726250074A26F /* TV_ShowsTests.swift in Sources */,
			);
			runOnlyForDeploymentPostprocessing = 0;
		};
/* End PBXSourcesBuildPhase section */

/* Begin PBXTargetDependency section */
		5A9DC67420D726250074A26F /* PBXTargetDependency */ = {
			isa = PBXTargetDependency;
			target = 5A9DC65A20D726220074A26F /* TV-Shows */;
			targetProxy = 5A9DC67320D726250074A26F /* PBXContainerItemProxy */;
		};
/* End PBXTargetDependency section */

/* Begin PBXVariantGroup section */
		5A9DC66220D726220074A26F /* Main.storyboard */ = {
			isa = PBXVariantGroup;
			children = (
				5A9DC66320D726220074A26F /* Base */,
			);
			name = Main.storyboard;
			sourceTree = "<group>";
		};
		5A9DC66A20D726240074A26F /* LaunchScreen.storyboard */ = {
			isa = PBXVariantGroup;
			children = (
				5A9DC66B20D726240074A26F /* Base */,
			);
			name = LaunchScreen.storyboard;
			sourceTree = "<group>";
		};
/* End PBXVariantGroup section */

/* Begin XCBuildConfiguration section */
		5A9DC67920D726250074A26F /* Debug */ = {
			isa = XCBuildConfiguration;
			buildSettings = {
				ALWAYS_SEARCH_USER_PATHS = NO;
				CLANG_ANALYZER_NONNULL = YES;
				CLANG_ANALYZER_NUMBER_OBJECT_CONVERSION = YES_AGGRESSIVE;
				CLANG_CXX_LANGUAGE_STANDARD = "gnu++14";
				CLANG_CXX_LIBRARY = "libc++";
				CLANG_ENABLE_MODULES = YES;
				CLANG_ENABLE_OBJC_ARC = YES;
				CLANG_ENABLE_OBJC_WEAK = YES;
				CLANG_WARN_BLOCK_CAPTURE_AUTORELEASING = YES;
				CLANG_WARN_BOOL_CONVERSION = YES;
				CLANG_WARN_COMMA = YES;
				CLANG_WARN_CONSTANT_CONVERSION = YES;
				CLANG_WARN_DEPRECATED_OBJC_IMPLEMENTATIONS = YES;
				CLANG_WARN_DIRECT_OBJC_ISA_USAGE = YES_ERROR;
				CLANG_WARN_DOCUMENTATION_COMMENTS = YES;
				CLANG_WARN_EMPTY_BODY = YES;
				CLANG_WARN_ENUM_CONVERSION = YES;
				CLANG_WARN_INFINITE_RECURSION = YES;
				CLANG_WARN_INT_CONVERSION = YES;
				CLANG_WARN_NON_LITERAL_NULL_CONVERSION = YES;
				CLANG_WARN_OBJC_IMPLICIT_RETAIN_SELF = YES;
				CLANG_WARN_OBJC_LITERAL_CONVERSION = YES;
				CLANG_WARN_OBJC_ROOT_CLASS = YES_ERROR;
				CLANG_WARN_RANGE_LOOP_ANALYSIS = YES;
				CLANG_WARN_STRICT_PROTOTYPES = YES;
				CLANG_WARN_SUSPICIOUS_MOVE = YES;
				CLANG_WARN_UNGUARDED_AVAILABILITY = YES_AGGRESSIVE;
				CLANG_WARN_UNREACHABLE_CODE = YES;
				CLANG_WARN__DUPLICATE_METHOD_MATCH = YES;
				CODE_SIGN_IDENTITY = "iPhone Developer";
				COPY_PHASE_STRIP = NO;
				DEBUG_INFORMATION_FORMAT = dwarf;
				ENABLE_STRICT_OBJC_MSGSEND = YES;
				ENABLE_TESTABILITY = YES;
				GCC_C_LANGUAGE_STANDARD = gnu11;
				GCC_DYNAMIC_NO_PIC = NO;
				GCC_NO_COMMON_BLOCKS = YES;
				GCC_OPTIMIZATION_LEVEL = 0;
				GCC_PREPROCESSOR_DEFINITIONS = (
					"DEBUG=1",
					"$(inherited)",
				);
				GCC_WARN_64_TO_32_BIT_CONVERSION = YES;
				GCC_WARN_ABOUT_RETURN_TYPE = YES_ERROR;
				GCC_WARN_UNDECLARED_SELECTOR = YES;
				GCC_WARN_UNINITIALIZED_AUTOS = YES_AGGRESSIVE;
				GCC_WARN_UNUSED_FUNCTION = YES;
				GCC_WARN_UNUSED_VARIABLE = YES;
				IPHONEOS_DEPLOYMENT_TARGET = 11.3;
				MTL_ENABLE_DEBUG_INFO = YES;
				ONLY_ACTIVE_ARCH = YES;
				SDKROOT = iphoneos;
				SWIFT_ACTIVE_COMPILATION_CONDITIONS = DEBUG;
				SWIFT_OPTIMIZATION_LEVEL = "-Onone";
			};
			name = Debug;
		};
		5A9DC67A20D726250074A26F /* Release */ = {
			isa = XCBuildConfiguration;
			buildSettings = {
				ALWAYS_SEARCH_USER_PATHS = NO;
				CLANG_ANALYZER_NONNULL = YES;
				CLANG_ANALYZER_NUMBER_OBJECT_CONVERSION = YES_AGGRESSIVE;
				CLANG_CXX_LANGUAGE_STANDARD = "gnu++14";
				CLANG_CXX_LIBRARY = "libc++";
				CLANG_ENABLE_MODULES = YES;
				CLANG_ENABLE_OBJC_ARC = YES;
				CLANG_ENABLE_OBJC_WEAK = YES;
				CLANG_WARN_BLOCK_CAPTURE_AUTORELEASING = YES;
				CLANG_WARN_BOOL_CONVERSION = YES;
				CLANG_WARN_COMMA = YES;
				CLANG_WARN_CONSTANT_CONVERSION = YES;
				CLANG_WARN_DEPRECATED_OBJC_IMPLEMENTATIONS = YES;
				CLANG_WARN_DIRECT_OBJC_ISA_USAGE = YES_ERROR;
				CLANG_WARN_DOCUMENTATION_COMMENTS = YES;
				CLANG_WARN_EMPTY_BODY = YES;
				CLANG_WARN_ENUM_CONVERSION = YES;
				CLANG_WARN_INFINITE_RECURSION = YES;
				CLANG_WARN_INT_CONVERSION = YES;
				CLANG_WARN_NON_LITERAL_NULL_CONVERSION = YES;
				CLANG_WARN_OBJC_IMPLICIT_RETAIN_SELF = YES;
				CLANG_WARN_OBJC_LITERAL_CONVERSION = YES;
				CLANG_WARN_OBJC_ROOT_CLASS = YES_ERROR;
				CLANG_WARN_RANGE_LOOP_ANALYSIS = YES;
				CLANG_WARN_STRICT_PROTOTYPES = YES;
				CLANG_WARN_SUSPICIOUS_MOVE = YES;
				CLANG_WARN_UNGUARDED_AVAILABILITY = YES_AGGRESSIVE;
				CLANG_WARN_UNREACHABLE_CODE = YES;
				CLANG_WARN__DUPLICATE_METHOD_MATCH = YES;
				CODE_SIGN_IDENTITY = "iPhone Developer";
				COPY_PHASE_STRIP = NO;
				DEBUG_INFORMATION_FORMAT = "dwarf-with-dsym";
				ENABLE_NS_ASSERTIONS = NO;
				ENABLE_STRICT_OBJC_MSGSEND = YES;
				GCC_C_LANGUAGE_STANDARD = gnu11;
				GCC_NO_COMMON_BLOCKS = YES;
				GCC_WARN_64_TO_32_BIT_CONVERSION = YES;
				GCC_WARN_ABOUT_RETURN_TYPE = YES_ERROR;
				GCC_WARN_UNDECLARED_SELECTOR = YES;
				GCC_WARN_UNINITIALIZED_AUTOS = YES_AGGRESSIVE;
				GCC_WARN_UNUSED_FUNCTION = YES;
				GCC_WARN_UNUSED_VARIABLE = YES;
				IPHONEOS_DEPLOYMENT_TARGET = 11.3;
				MTL_ENABLE_DEBUG_INFO = NO;
				SDKROOT = iphoneos;
				SWIFT_COMPILATION_MODE = wholemodule;
				SWIFT_OPTIMIZATION_LEVEL = "-O";
				VALIDATE_PRODUCT = YES;
			};
			name = Release;
		};
		5A9DC67C20D726250074A26F /* Debug */ = {
			isa = XCBuildConfiguration;
			baseConfigurationReference = 018681ADE3D24278972FC70C /* Pods-TV-Shows.debug.xcconfig */;
			buildSettings = {
				ASSETCATALOG_COMPILER_APPICON_NAME = AppIcon;
				CODE_SIGN_STYLE = Automatic;
				DEVELOPMENT_TEAM = 6VUGS3K7R6;
				INFOPLIST_FILE = "TV-Shows/Info.plist";
				LD_RUNPATH_SEARCH_PATHS = (
					"$(inherited)",
					"@executable_path/Frameworks",
				);
				PRODUCT_BUNDLE_IDENTIFIER = "com.TV-Shows";
				PRODUCT_NAME = "$(TARGET_NAME)";
				SWIFT_VERSION = 4.0;
				TARGETED_DEVICE_FAMILY = "1,2";
			};
			name = Debug;
		};
		5A9DC67D20D726250074A26F /* Release */ = {
			isa = XCBuildConfiguration;
			baseConfigurationReference = B4F29F42FF9BC6D1151B8E63 /* Pods-TV-Shows.release.xcconfig */;
			buildSettings = {
				ASSETCATALOG_COMPILER_APPICON_NAME = AppIcon;
				CODE_SIGN_STYLE = Automatic;
				DEVELOPMENT_TEAM = 6VUGS3K7R6;
				INFOPLIST_FILE = "TV-Shows/Info.plist";
				LD_RUNPATH_SEARCH_PATHS = (
					"$(inherited)",
					"@executable_path/Frameworks",
				);
				PRODUCT_BUNDLE_IDENTIFIER = "com.TV-Shows";
				PRODUCT_NAME = "$(TARGET_NAME)";
				SWIFT_VERSION = 4.0;
				TARGETED_DEVICE_FAMILY = "1,2";
			};
			name = Release;
		};
		5A9DC67F20D726250074A26F /* Debug */ = {
			isa = XCBuildConfiguration;
			baseConfigurationReference = 9E2F00E3960486E7082F9C6C /* Pods-TV-ShowsTests.debug.xcconfig */;
			buildSettings = {
				ALWAYS_EMBED_SWIFT_STANDARD_LIBRARIES = YES;
				BUNDLE_LOADER = "$(TEST_HOST)";
				CODE_SIGN_STYLE = Automatic;
				DEVELOPMENT_TEAM = 6VUGS3K7R6;
				INFOPLIST_FILE = "TV-ShowsTests/Info.plist";
				LD_RUNPATH_SEARCH_PATHS = (
					"$(inherited)",
					"@executable_path/Frameworks",
					"@loader_path/Frameworks",
				);
				PRODUCT_BUNDLE_IDENTIFIER = "com.TV-ShowsTests";
				PRODUCT_NAME = "$(TARGET_NAME)";
				SWIFT_VERSION = 4.0;
				TARGETED_DEVICE_FAMILY = "1,2";
				TEST_HOST = "$(BUILT_PRODUCTS_DIR)/TV-Shows.app/TV-Shows";
			};
			name = Debug;
		};
		5A9DC68020D726250074A26F /* Release */ = {
			isa = XCBuildConfiguration;
			baseConfigurationReference = 969FDE13888C32A772A2C5E7 /* Pods-TV-ShowsTests.release.xcconfig */;
			buildSettings = {
				ALWAYS_EMBED_SWIFT_STANDARD_LIBRARIES = YES;
				BUNDLE_LOADER = "$(TEST_HOST)";
				CODE_SIGN_STYLE = Automatic;
				DEVELOPMENT_TEAM = 6VUGS3K7R6;
				INFOPLIST_FILE = "TV-ShowsTests/Info.plist";
				LD_RUNPATH_SEARCH_PATHS = (
					"$(inherited)",
					"@executable_path/Frameworks",
					"@loader_path/Frameworks",
				);
				PRODUCT_BUNDLE_IDENTIFIER = "com.TV-ShowsTests";
				PRODUCT_NAME = "$(TARGET_NAME)";
				SWIFT_VERSION = 4.0;
				TARGETED_DEVICE_FAMILY = "1,2";
				TEST_HOST = "$(BUILT_PRODUCTS_DIR)/TV-Shows.app/TV-Shows";
			};
			name = Release;
		};
/* End XCBuildConfiguration section */

/* Begin XCConfigurationList section */
		5A9DC65620D726210074A26F /* Build configuration list for PBXProject "TV-Shows" */ = {
			isa = XCConfigurationList;
			buildConfigurations = (
				5A9DC67920D726250074A26F /* Debug */,
				5A9DC67A20D726250074A26F /* Release */,
			);
			defaultConfigurationIsVisible = 0;
			defaultConfigurationName = Release;
		};
		5A9DC67B20D726250074A26F /* Build configuration list for PBXNativeTarget "TV-Shows" */ = {
			isa = XCConfigurationList;
			buildConfigurations = (
				5A9DC67C20D726250074A26F /* Debug */,
				5A9DC67D20D726250074A26F /* Release */,
			);
			defaultConfigurationIsVisible = 0;
			defaultConfigurationName = Release;
		};
		5A9DC67E20D726250074A26F /* Build configuration list for PBXNativeTarget "TV-ShowsTests" */ = {
			isa = XCConfigurationList;
			buildConfigurations = (
				5A9DC67F20D726250074A26F /* Debug */,
				5A9DC68020D726250074A26F /* Release */,
			);
			defaultConfigurationIsVisible = 0;
			defaultConfigurationName = Release;
		};
/* End XCConfigurationList section */
	};
	rootObject = 5A9DC65320D726210074A26F /* Project object */;
}
